
Microsoft Visual Studio Solution File, Format Version 12.00
# Visual Studio Version 17
VisualStudioVersion = 17.0.31903.59
MinimumVisualStudioVersion = 10.0.40219.1
Project("{2150E333-8FDC-42A3-9474-1A3956D46DE8}") = "src", "src", "{7451DE5C-678C-461B-B109-E5FFA019961C}"
EndProject
Project("{FAE04EC0-301F-11D3-BF4B-00C04F79EFBC}") = "App", "src\App\App.csproj", "{8B1A8C77-1048-47C9-BFFB-E59F521ABCDA}"
EndProject
Global
	GlobalSection(SolutionConfigurationPlatforms) = preSolution
		Debug|Any CPU = Debug|Any CPU
		Release|Any CPU = Release|Any CPU
	EndGlobalSection
	GlobalSection(SolutionProperties) = preSolution
		HideSolutionNode = FALSE
	EndGlobalSection
	GlobalSection(ProjectConfigurationPlatforms) = postSolution
		{8B1A8C77-1048-47C9-BFFB-E59F521ABCDA}.Debug|Any CPU.ActiveCfg = Debug|Any CPU
		{8B1A8C77-1048-47C9-BFFB-E59F521ABCDA}.Debug|Any CPU.Build.0 = Debug|Any CPU
		{8B1A8C77-1048-47C9-BFFB-E59F521ABCDA}.Release|Any CPU.ActiveCfg = Release|Any CPU
		{8B1A8C77-1048-47C9-BFFB-E59F521ABCDA}.Release|Any CPU.Build.0 = Release|Any CPU
	EndGlobalSection
	GlobalSection(NestedProjects) = preSolution
		{8B1A8C77-1048-47C9-BFFB-E59F521ABCDA} = {7451DE5C-678C-461B-B109-E5FFA019961C}
	EndGlobalSection
EndGlobal
